# This file is automatically @generated by Cargo.
# It is not intended for manual editing.
version = 4

[[package]]
name = "tr-bridge"
version = "0.1.0"
dependencies = [
 "tr-messages",
 "tr-session",
 "tr-transport",
]

[[package]]
name = "tr-messages"
version = "0.1.0"

[[package]]
name = "tr-policy"
version = "0.1.0"
dependencies = [
 "tr-messages",
]

[[package]]
name = "tr-robot"
version = "0.1.0"
dependencies = [
 "tr-messages",
]

[[package]]
name = "tr-robot-node"
version = "0.1.0"
dependencies = [
 "tr-messages",
 "tr-robot",
]

[[package]]
name = "tr-session"
version = "0.1.0"
dependencies = [
 "tr-messages",
]

[[package]]
name = "tr-teleop"
version = "0.1.0"
dependencies = [
 "tr-messages",
]

[[package]]
name = "tr-teleop-node"
version = "0.1.0"
dependencies = [
 "tr-messages",
 "tr-teleop",
]

[[package]]
name = "tr-transport"
version = "0.1.0"
